{
  "name": "livid",
  "version": "0.0.0",
  "lockfileVersion": 3,
  "requires": true,
  "packages": {
    "": {
      "name": "livid",
      "version": "0.0.0",
      "workspaces": [
        "packages/*"
      ],
      "devDependencies": {
        "typescript": "~5.9.3"
      },
      "engines": {
        "node": ">=20.19.0"
      }
    },
    "node_modules/@livid/core": {
      "resolved": "packages/core",
      "link": true
    },
    "node_modules/elkjs": {
      "version": "0.9.3",
      "resolved": "https://registry.npmjs.org/elkjs/-/elkjs-0.9.3.tgz",
      "integrity": "sha512-f/ZeWvW/BCXbhGEf1Ujp29EASo/lk1FDnETgNKwJrsVvGZhUWCZyg3xLJjAsxfOmt8KjswHmI5EwCQcPMpOYhQ==",
      "license": "EPL-2.0"
    },
    "node_modules/typescript": {
      "version": "5.9.3",
      "resolved": "https://registry.npmjs.org/typescript/-/typescript-5.9.3.tgz",
      "integrity": "sha512-jl1vZzPDinLr9eUt3J/t7V6FgNEw9QjvBPdysz9KfQDD41fQrC2Y4vKQdiaUpFT4bXlb1RHhLpp8wtm6M5TgSw==",
      "dev": true,
      "license": "Apache-2.0",
      "bin": {
        "tsc": "bin/tsc",
        "tsserver": "bin/tsserver"
      },
      "engines": {
        "node": ">=14.17"
      }
    },
    "packages/core": {
      "name": "@livid/core",
      "version": "0.0.0",
      "dependencies": {
        "elkjs": "^0.9.3"
      }
    }
  }
}
